// !$*UTF8*$!
{
	archiveVersion = 1;
	classes = {
	};
	objectVersion = 46;
	objects = {

/* Begin PBXBuildFile section */
		F304C8B018DFFF5D009A27D3 /* WorkoutMainViewController.m in Sources */ = {isa = PBXBuildFile; fileRef = F304C8AF18DFFF5D009A27D3 /* WorkoutMainViewController.m */; };
		F32327F218D56D2D006C7E64 /* Foundation.framework in Frameworks */ = {isa = PBXBuildFile; fileRef = F32327F118D56D2D006C7E64 /* Foundation.framework */; };
		F32327F418D56D2D006C7E64 /* CoreGraphics.framework in Frameworks */ = {isa = PBXBuildFile; fileRef = F32327F318D56D2D006C7E64 /* CoreGraphics.framework */; };
		F32327F618D56D2D006C7E64 /* UIKit.framework in Frameworks */ = {isa = PBXBuildFile; fileRef = F32327F518D56D2D006C7E64 /* UIKit.framework */; };
		F32327FC18D56D2D006C7E64 /* InfoPlist.strings in Resources */ = {isa = PBXBuildFile; fileRef = F32327FA18D56D2D006C7E64 /* InfoPlist.strings */; };
		F32327FE18D56D2D006C7E64 /* main.m in Sources */ = {isa = PBXBuildFile; fileRef = F32327FD18D56D2D006C7E64 /* main.m */; };
		F323280218D56D2D006C7E64 /* AppDelegate.m in Sources */ = {isa = PBXBuildFile; fileRef = F323280118D56D2D006C7E64 /* AppDelegate.m */; };
		F323280418D56D2D006C7E64 /* Images.xcassets in Resources */ = {isa = PBXBuildFile; fileRef = F323280318D56D2D006C7E64 /* Images.xcassets */; };
		F323280B18D56D2D006C7E64 /* XCTest.framework in Frameworks */ = {isa = PBXBuildFile; fileRef = F323280A18D56D2D006C7E64 /* XCTest.framework */; };
		F323280C18D56D2D006C7E64 /* Foundation.framework in Frameworks */ = {isa = PBXBuildFile; fileRef = F32327F118D56D2D006C7E64 /* Foundation.framework */; };
		F323280D18D56D2D006C7E64 /* UIKit.framework in Frameworks */ = {isa = PBXBuildFile; fileRef = F32327F518D56D2D006C7E64 /* UIKit.framework */; };
		F323281518D56D2D006C7E64 /* InfoPlist.strings in Resources */ = {isa = PBXBuildFile; fileRef = F323281318D56D2D006C7E64 /* InfoPlist.strings */; };
		F323281718D56D2D006C7E64 /* gymTrackerTests.m in Sources */ = {isa = PBXBuildFile; fileRef = F323281618D56D2D006C7E64 /* gymTrackerTests.m */; };
		F323288918D56DFB006C7E64 /* DateWiseReportCell.m in Sources */ = {isa = PBXBuildFile; fileRef = F323282118D56DFB006C7E64 /* DateWiseReportCell.m */; };
		F323288A18D56DFB006C7E64 /* DateWiseReportViewController.m in Sources */ = {isa = PBXBuildFile; fileRef = F323282318D56DFB006C7E64 /* DateWiseReportViewController.m */; };
		F323288B18D56DFB006C7E64 /* Equipment.m in Sources */ = {isa = PBXBuildFile; fileRef = F323282618D56DFB006C7E64 /* Equipment.m */; };
		F323288C18D56DFB006C7E64 /* Settings.m in Sources */ = {isa = PBXBuildFile; fileRef = F323282818D56DFB006C7E64 /* Settings.m */; };
		F323288D18D56DFB006C7E64 /* Workout.m in Sources */ = {isa = PBXBuildFile; fileRef = F323282A18D56DFB006C7E64 /* Workout.m */; };
		F32328A518D56DFB006C7E64 /* EquipmentDetailsViewController.m in Sources */ = {isa = PBXBuildFile; fileRef = F323284C18D56DFB006C7E64 /* EquipmentDetailsViewController.m */; };
		F32328A618D56DFB006C7E64 /* EquipmentMainViewController.m in Sources */ = {isa = PBXBuildFile; fileRef = F323284E18D56DFB006C7E64 /* EquipmentMainViewController.m */; };
		F32328A718D56DFB006C7E64 /* EquipmentTableCell.m in Sources */ = {isa = PBXBuildFile; fileRef = F323285018D56DFB006C7E64 /* EquipmentTableCell.m */; };
		F32328A818D56DFB006C7E64 /* EquipmentWiseReportViewController.m in Sources */ = {isa = PBXBuildFile; fileRef = F323285218D56DFB006C7E64 /* EquipmentWiseReportViewController.m */; };
		F32328A918D56DFB006C7E64 /* addIcon.png in Resources */ = {isa = PBXBuildFile; fileRef = F323285418D56DFB006C7E64 /* addIcon.png */; };
		F32328AA18D56DFB006C7E64 /* addIcon@2x.png in Resources */ = {isa = PBXBuildFile; fileRef = F323285518D56DFB006C7E64 /* addIcon@2x.png */; };
		F32328AB18D56DFB006C7E64 /* appIcon29pt.png in Resources */ = {isa = PBXBuildFile; fileRef = F323285618D56DFB006C7E64 /* appIcon29pt.png */; };
		F32328AC18D56DFB006C7E64 /* appIcon40pt.png in Resources */ = {isa = PBXBuildFile; fileRef = F323285718D56DFB006C7E64 /* appIcon40pt.png */; };
		F32328AD18D56DFB006C7E64 /* appIcon60pt.png in Resources */ = {isa = PBXBuildFile; fileRef = F323285818D56DFB006C7E64 /* appIcon60pt.png */; };
		F32328AE18D56DFB006C7E64 /* checkBox.png in Resources */ = {isa = PBXBuildFile; fileRef = F323285918D56DFB006C7E64 /* checkBox.png */; };
		F32328AF18D56DFB006C7E64 /* checkBox@2x.png in Resources */ = {isa = PBXBuildFile; fileRef = F323285A18D56DFB006C7E64 /* checkBox@2x.png */; };
		F32328B018D56DFB006C7E64 /* checkBoxMarked.png in Resources */ = {isa = PBXBuildFile; fileRef = F323285B18D56DFB006C7E64 /* checkBoxMarked.png */; };
		F32328B118D56DFB006C7E64 /* checkBoxMarked@2x.png in Resources */ = {isa = PBXBuildFile; fileRef = F323285C18D56DFB006C7E64 /* checkBoxMarked@2x.png */; };
		F32328B218D56DFB006C7E64 /* no_image.jpg in Resources */ = {isa = PBXBuildFile; fileRef = F323285D18D56DFB006C7E64 /* no_image.jpg */; };
		F32328B518D56DFB006C7E64 /* settings.png in Resources */ = {isa = PBXBuildFile; fileRef = F323286018D56DFB006C7E64 /* settings.png */; };
		F32328B618D56DFB006C7E64 /* settings@2x.png in Resources */ = {isa = PBXBuildFile; fileRef = F323286118D56DFB006C7E64 /* settings@2x.png */; };
		F32328B718D56DFB006C7E64 /* workout.png in Resources */ = {isa = PBXBuildFile; fileRef = F323286218D56DFB006C7E64 /* workout.png */; };
		F32328B818D56DFB006C7E64 /* workout@2x.png in Resources */ = {isa = PBXBuildFile; fileRef = F323286318D56DFB006C7E64 /* workout@2x.png */; };
		F32328B918D56DFB006C7E64 /* Main.storyboard in Resources */ = {isa = PBXBuildFile; fileRef = F323286418D56DFB006C7E64 /* Main.storyboard */; };
		F32328BB18D56DFB006C7E64 /* PNBar.m in Sources */ = {isa = PBXBuildFile; fileRef = F323286918D56DFB006C7E64 /* PNBar.m */; };
		F32328BC18D56DFB006C7E64 /* PNBarChart.m in Sources */ = {isa = PBXBuildFile; fileRef = F323286B18D56DFB006C7E64 /* PNBarChart.m */; };
		F32328BD18D56DFB006C7E64 /* PNChartLabel.m in Sources */ = {isa = PBXBuildFile; fileRef = F323286F18D56DFB006C7E64 /* PNChartLabel.m */; };
		F32328BE18D56DFB006C7E64 /* PNCircleChart.m in Sources */ = {isa = PBXBuildFile; fileRef = F323287118D56DFB006C7E64 /* PNCircleChart.m */; };
		F32328BF18D56DFB006C7E64 /* PNColor.m in Sources */ = {isa = PBXBuildFile; fileRef = F323287318D56DFB006C7E64 /* PNColor.m */; };
		F32328C018D56DFB006C7E64 /* PNLineChart.m in Sources */ = {isa = PBXBuildFile; fileRef = F323287518D56DFB006C7E64 /* PNLineChart.m */; };
		F32328C118D56DFB006C7E64 /* PNLineChartData.m in Sources */ = {isa = PBXBuildFile; fileRef = F323287718D56DFB006C7E64 /* PNLineChartData.m */; };
		F32328C218D56DFB006C7E64 /* PNLineChartDataItem.m in Sources */ = {isa = PBXBuildFile; fileRef = F323287918D56DFB006C7E64 /* PNLineChartDataItem.m */; };
		F32328C318D56DFB006C7E64 /* ReportViewController.m in Sources */ = {isa = PBXBuildFile; fileRef = F323287B18D56DFB006C7E64 /* ReportViewController.m */; };
		F32328C418D56DFB006C7E64 /* SettingsViewController.m in Sources */ = {isa = PBXBuildFile; fileRef = F323287D18D56DFB006C7E64 /* SettingsViewController.m */; };
		F32328C518D56DFB006C7E64 /* UICountingLabel.m in Sources */ = {isa = PBXBuildFile; fileRef = F323288018D56DFB006C7E64 /* UICountingLabel.m */; };
		F32328C618D56DFB006C7E64 /* Utility.m in Sources */ = {isa = PBXBuildFile; fileRef = F323288218D56DFB006C7E64 /* Utility.m */; };
		F32328C718D56DFB006C7E64 /* WorkoutDetailsViewController.m in Sources */ = {isa = PBXBuildFile; fileRef = F323288418D56DFB006C7E64 /* WorkoutDetailsViewController.m */; };
		F32328C818D56DFB006C7E64 /* WorkoutNewViewController.m in Sources */ = {isa = PBXBuildFile; fileRef = F323288618D56DFB006C7E64 /* WorkoutNewViewController.m */; };
		F32328C918D56DFB006C7E64 /* WorkoutTableCell.m in Sources */ = {isa = PBXBuildFile; fileRef = F323288818D56DFB006C7E64 /* WorkoutTableCell.m */; };
		F32328DF18D577B7006C7E64 /* FMDBDataAccess.m in Sources */ = {isa = PBXBuildFile; fileRef = F32328DE18D577B7006C7E64 /* FMDBDataAccess.m */; };
		F32328E118D58FA6006C7E64 /* libsqlite3.dylib in Frameworks */ = {isa = PBXBuildFile; fileRef = F32328E018D58FA6006C7E64 /* libsqlite3.dylib */; };
		F3D2B68818D8273F00E85646 /* MyPMCalendarController.m in Sources */ = {isa = PBXBuildFile; fileRef = F3D2B68718D8273F00E85646 /* MyPMCalendarController.m */; };
		F3D2B6A818D8380300E85646 /* NSDate+Helpers.m in Sources */ = {isa = PBXBuildFile; fileRef = F3D2B68F18D8380300E85646 /* NSDate+Helpers.m */; };
		F3D2B6A918D8380300E85646 /* PMCalendarBackgroundView.m in Sources */ = {isa = PBXBuildFile; fileRef = F3D2B69118D8380300E85646 /* PMCalendarBackgroundView.m */; };
		F3D2B6AA18D8380400E85646 /* PMCalendarController.m in Sources */ = {isa = PBXBuildFile; fileRef = F3D2B69418D8380300E85646 /* PMCalendarController.m */; };
		F3D2B6AB18D8380400E85646 /* PMCalendarView.m in Sources */ = {isa = PBXBuildFile; fileRef = F3D2B69718D8380300E85646 /* PMCalendarView.m */; };
		F3D2B6AC18D8380400E85646 /* PMDimmingView.m in Sources */ = {isa = PBXBuildFile; fileRef = F3D2B69918D8380300E85646 /* PMDimmingView.m */; };
		F3D2B6AD18D8380400E85646 /* PMPeriod.m in Sources */ = {isa = PBXBuildFile; fileRef = F3D2B69B18D8380300E85646 /* PMPeriod.m */; };
		F3D2B6AE18D8380400E85646 /* PMSelectionView.m in Sources */ = {isa = PBXBuildFile; fileRef = F3D2B69D18D8380300E85646 /* PMSelectionView.m */; };
		F3D2B6AF18D8380400E85646 /* PMThemeEngine.m in Sources */ = {isa = PBXBuildFile; fileRef = F3D2B6A018D8380300E85646 /* PMThemeEngine.m */; };
		F3D2B6B018D8380400E85646 /* PMThemeShadow.m in Sources */ = {isa = PBXBuildFile; fileRef = F3D2B6A218D8380300E85646 /* PMThemeShadow.m */; };
		F3D2B6B118D8380400E85646 /* apple calendar.plist in Resources */ = {isa = PBXBuildFile; fileRef = F3D2B6A418D8380300E85646 /* apple calendar.plist */; };
		F3D2B6B218D8380400E85646 /* background.png in Resources */ = {isa = PBXBuildFile; fileRef = F3D2B6A518D8380300E85646 /* background.png */; };
		F3D2B6B318D8380400E85646 /* background@2x.png in Resources */ = {isa = PBXBuildFile; fileRef = F3D2B6A618D8380300E85646 /* background@2x.png */; };
		F3D2B6B418D8380400E85646 /* default.plist in Resources */ = {isa = PBXBuildFile; fileRef = F3D2B6A718D8380300E85646 /* default.plist */; };
		F3DECBDD18E14BF2001B29BF /* report.png in Resources */ = {isa = PBXBuildFile; fileRef = F3DECBDB18E14BF2001B29BF /* report.png */; };
		F3DECBDE18E14BF2001B29BF /* report@2x.png in Resources */ = {isa = PBXBuildFile; fileRef = F3DECBDC18E14BF2001B29BF /* report@2x.png */; };
		F3DECBEA18E16E0B001B29BF /* button_bg.png in Resources */ = {isa = PBXBuildFile; fileRef = F3DECBE918E16E0B001B29BF /* button_bg.png */; };
		F3E02BBA18D5AB8D00767921 /* LineChartVO.m in Sources */ = {isa = PBXBuildFile; fileRef = F3E02BB918D5AB8D00767921 /* LineChartVO.m */; };
		F3E07C3A18D69FA0000DA9C4 /* NSDate+CalendarGrid.m in Sources */ = {isa = PBXBuildFile; fileRef = F3E07C2918D69FA0000DA9C4 /* NSDate+CalendarGrid.m */; };
		F3E07C3B18D69FA0000DA9C4 /* NSDate+TKCategory.m in Sources */ = {isa = PBXBuildFile; fileRef = F3E07C2B18D69FA0000DA9C4 /* NSDate+TKCategory.m */; };
		F3E07C3C18D69FA0000DA9C4 /* TKCalendarMonthView.m in Sources */ = {isa = PBXBuildFile; fileRef = F3E07C2D18D69FA0000DA9C4 /* TKCalendarMonthView.m */; };
		F3E07C3D18D69FA0000DA9C4 /* TKGlobal.m in Sources */ = {isa = PBXBuildFile; fileRef = F3E07C2F18D69FA0000DA9C4 /* TKGlobal.m */; };
		F3E07C3E18D69FA0000DA9C4 /* TKGradientView.m in Sources */ = {isa = PBXBuildFile; fileRef = F3E07C3118D69FA0000DA9C4 /* TKGradientView.m */; };
		F3E07C3F18D69FA0000DA9C4 /* UIColor+TKCategory.m in Sources */ = {isa = PBXBuildFile; fileRef = F3E07C3318D69FA0000DA9C4 /* UIColor+TKCategory.m */; };
		F3E07C4018D69FA0000DA9C4 /* UIImage+TKCategory.m in Sources */ = {isa = PBXBuildFile; fileRef = F3E07C3518D69FA0000DA9C4 /* UIImage+TKCategory.m */; };
		F3E07C4118D69FA0000DA9C4 /* UIImageView+TKCategory.m in Sources */ = {isa = PBXBuildFile; fileRef = F3E07C3718D69FA0000DA9C4 /* UIImageView+TKCategory.m */; };
		F3E07C4218D69FA0000DA9C4 /* UIView+TKCategory.m in Sources */ = {isa = PBXBuildFile; fileRef = F3E07C3918D69FA0000DA9C4 /* UIView+TKCategory.m */; };
		F3E07C4518D6A172000DA9C4 /* TapkuLibrary.bundle in Resources */ = {isa = PBXBuildFile; fileRef = F3E07C4418D6A172000DA9C4 /* TapkuLibrary.bundle */; };
		F3E07C5818D6FF5E000DA9C4 /* FMDatabase.m in Sources */ = {isa = PBXBuildFile; fileRef = F3E07C4E18D6FF5E000DA9C4 /* FMDatabase.m */; };
		F3E07C5918D6FF5E000DA9C4 /* FMDatabaseAdditions.m in Sources */ = {isa = PBXBuildFile; fileRef = F3E07C5018D6FF5E000DA9C4 /* FMDatabaseAdditions.m */; };
		F3E07C5A18D6FF5E000DA9C4 /* FMDatabasePool.m in Sources */ = {isa = PBXBuildFile; fileRef = F3E07C5218D6FF5E000DA9C4 /* FMDatabasePool.m */; };
		F3E07C5B18D6FF5E000DA9C4 /* FMDatabaseQueue.m in Sources */ = {isa = PBXBuildFile; fileRef = F3E07C5418D6FF5E000DA9C4 /* FMDatabaseQueue.m */; };
		F3E07C5C18D6FF5E000DA9C4 /* FMResultSet.m in Sources */ = {isa = PBXBuildFile; fileRef = F3E07C5718D6FF5E000DA9C4 /* FMResultSet.m */; };
		F3ED195D18E3DEBB00DC7F13 /* legend.png in Resources */ = {isa = PBXBuildFile; fileRef = F3ED195C18E3DEBB00DC7F13 /* legend.png */; };
		F3FE80D718E938E80051D4B2 /* Measurement.m in Sources */ = {isa = PBXBuildFile; fileRef = F3FE80D618E938E80051D4B2 /* Measurement.m */; };
		F3FE80DA18E9393B0051D4B2 /* MeasurementHistory.m in Sources */ = {isa = PBXBuildFile; fileRef = F3FE80D918E9393B0051D4B2 /* MeasurementHistory.m */; };
		F3FE80DE18E947B70051D4B2 /* MeasurementsTableViewController.m in Sources */ = {isa = PBXBuildFile; fileRef = F3FE80DD18E947B70051D4B2 /* MeasurementsTableViewController.m */; };
		F3FE80E118E9486F0051D4B2 /* MeasurementsViewController.m in Sources */ = {isa = PBXBuildFile; fileRef = F3FE80E018E9486F0051D4B2 /* MeasurementsViewController.m */; };
		F3FE80E318E949C70051D4B2 /* gymTracker.db in Resources */ = {isa = PBXBuildFile; fileRef = F3FE80E218E949A50051D4B2 /* gymTracker.db */; };
/* End PBXBuildFile section */

/* Begin PBXContainerItemProxy section */
		F323280E18D56D2D006C7E64 /* PBXContainerItemProxy */ = {
			isa = PBXContainerItemProxy;
			containerPortal = F32327E618D56D2D006C7E64 /* Project object */;
			proxyType = 1;
			remoteGlobalIDString = F32327ED18D56D2D006C7E64;
			remoteInfo = gymTracker;
		};
/* End PBXContainerItemProxy section */

/* Begin PBXFileReference section */
		F304C8AE18DFFF5D009A27D3 /* WorkoutMainViewController.h */ = {isa = PBXFileReference; fileEncoding = 4; lastKnownFileType = sourcecode.c.h; path = WorkoutMainViewController.h; sourceTree = "<group>"; };
		F304C8AF18DFFF5D009A27D3 /* WorkoutMainViewController.m */ = {isa = PBXFileReference; fileEncoding = 4; lastKnownFileType = sourcecode.c.objc; path = WorkoutMainViewController.m; sourceTree = "<group>"; };
		F32327EE18D56D2D006C7E64 /* gymTracker.app */ = {isa = PBXFileReference; explicitFileType = wrapper.application; includeInIndex = 0; path = gymTracker.app; sourceTree = BUILT_PRODUCTS_DIR; };
		F32327F118D56D2D006C7E64 /* Foundation.framework */ = {isa = PBXFileReference; lastKnownFileType = wrapper.framework; name = Foundation.framework; path = System/Library/Frameworks/Foundation.framework; sourceTree = SDKROOT; };
		F32327F318D56D2D006C7E64 /* CoreGraphics.framework */ = {isa = PBXFileReference; lastKnownFileType = wrapper.framework; name = CoreGraphics.framework; path = System/Library/Frameworks/CoreGraphics.framework; sourceTree = SDKROOT; };
		F32327F518D56D2D006C7E64 /* UIKit.framework */ = {isa = PBXFileReference; lastKnownFileType = wrapper.framework; name = UIKit.framework; path = System/Library/Frameworks/UIKit.framework; sourceTree = SDKROOT; };
		F32327F918D56D2D006C7E64 /* gymTracker-Info.plist */ = {isa = PBXFileReference; lastKnownFileType = text.plist.xml; path = "gymTracker-Info.plist"; sourceTree = "<group>"; };
		F32327FB18D56D2D006C7E64 /* en */ = {isa = PBXFileReference; lastKnownFileType = text.plist.strings; name = en; path = en.lproj/InfoPlist.strings; sourceTree = "<group>"; };
		F32327FD18D56D2D006C7E64 /* main.m */ = {isa = PBXFileReference; lastKnownFileType = sourcecode.c.objc; path = main.m; sourceTree = "<group>"; };
		F32327FF18D56D2D006C7E64 /* gymTracker-Prefix.pch */ = {isa = PBXFileReference; lastKnownFileType = sourcecode.c.h; path = "gymTracker-Prefix.pch"; sourceTree = "<group>"; };
		F323280018D56D2D006C7E64 /* AppDelegate.h */ = {isa = PBXFileReference; lastKnownFileType = sourcecode.c.h; path = AppDelegate.h; sourceTree = "<group>"; };
		F323280118D56D2D006C7E64 /* AppDelegate.m */ = {isa = PBXFileReference; lastKnownFileType = sourcecode.c.objc; path = AppDelegate.m; sourceTree = "<group>"; };
		F323280318D56D2D006C7E64 /* Images.xcassets */ = {isa = PBXFileReference; lastKnownFileType = folder.assetcatalog; path = Images.xcassets; sourceTree = "<group>"; };
		F323280918D56D2D006C7E64 /* gymTrackerTests.xctest */ = {isa = PBXFileReference; explicitFileType = wrapper.cfbundle; includeInIndex = 0; path = gymTrackerTests.xctest; sourceTree = BUILT_PRODUCTS_DIR; };
		F323280A18D56D2D006C7E64 /* XCTest.framework */ = {isa = PBXFileReference; lastKnownFileType = wrapper.framework; name = XCTest.framework; path = Library/Frameworks/XCTest.framework; sourceTree = DEVELOPER_DIR; };
		F323281218D56D2D006C7E64 /* gymTrackerTests-Info.plist */ = {isa = PBXFileReference; lastKnownFileType = text.plist.xml; path = "gymTrackerTests-Info.plist"; sourceTree = "<group>"; };
		F323281418D56D2D006C7E64 /* en */ = {isa = PBXFileReference; lastKnownFileType = text.plist.strings; name = en; path = en.lproj/InfoPlist.strings; sourceTree = "<group>"; };
		F323281618D56D2D006C7E64 /* gymTrackerTests.m */ = {isa = PBXFileReference; lastKnownFileType = sourcecode.c.objc; path = gymTrackerTests.m; sourceTree = "<group>"; };
		F323282018D56DFB006C7E64 /* DateWiseReportCell.h */ = {isa = PBXFileReference; fileEncoding = 4; lastKnownFileType = sourcecode.c.h; path = DateWiseReportCell.h; sourceTree = "<group>"; };
		F323282118D56DFB006C7E64 /* DateWiseReportCell.m */ = {isa = PBXFileReference; fileEncoding = 4; lastKnownFileType = sourcecode.c.objc; path = DateWiseReportCell.m; sourceTree = "<group>"; };
		F323282218D56DFB006C7E64 /* DateWiseReportViewController.h */ = {isa = PBXFileReference; fileEncoding = 4; lastKnownFileType = sourcecode.c.h; path = DateWiseReportViewController.h; sourceTree = "<group>"; };
		F323282318D56DFB006C7E64 /* DateWiseReportViewController.m */ = {isa = PBXFileReference; fileEncoding = 4; lastKnownFileType = sourcecode.c.objc; path = DateWiseReportViewController.m; sourceTree = "<group>"; };
		F323282518D56DFB006C7E64 /* Equipment.h */ = {isa = PBXFileReference; fileEncoding = 4; lastKnownFileType = sourcecode.c.h; path = Equipment.h; sourceTree = "<group>"; };
		F323282618D56DFB006C7E64 /* Equipment.m */ = {isa = PBXFileReference; fileEncoding = 4; lastKnownFileType = sourcecode.c.objc; path = Equipment.m; sourceTree = "<group>"; };
		F323282718D56DFB006C7E64 /* Settings.h */ = {isa = PBXFileReference; fileEncoding = 4; lastKnownFileType = sourcecode.c.h; path = Settings.h; sourceTree = "<group>"; };
		F323282818D56DFB006C7E64 /* Settings.m */ = {isa = PBXFileReference; fileEncoding = 4; lastKnownFileType = sourcecode.c.objc; path = Settings.m; sourceTree = "<group>"; };
		F323282918D56DFB006C7E64 /* Workout.h */ = {isa = PBXFileReference; fileEncoding = 4; lastKnownFileType = sourcecode.c.h; path = Workout.h; sourceTree = "<group>"; };
		F323282A18D56DFB006C7E64 /* Workout.m */ = {isa = PBXFileReference; fileEncoding = 4; lastKnownFileType = sourcecode.c.objc; path = Workout.m; sourceTree = "<group>"; };
		F323284B18D56DFB006C7E64 /* EquipmentDetailsViewController.h */ = {isa = PBXFileReference; fileEncoding = 4; lastKnownFileType = sourcecode.c.h; path = EquipmentDetailsViewController.h; sourceTree = "<group>"; };
		F323284C18D56DFB006C7E64 /* EquipmentDetailsViewController.m */ = {isa = PBXFileReference; fileEncoding = 4; lastKnownFileType = sourcecode.c.objc; path = EquipmentDetailsViewController.m; sourceTree = "<group>"; };
		F323284D18D56DFB006C7E64 /* EquipmentMainViewController.h */ = {isa = PBXFileReference; fileEncoding = 4; lastKnownFileType = sourcecode.c.h; path = EquipmentMainViewController.h; sourceTree = "<group>"; };
		F323284E18D56DFB006C7E64 /* EquipmentMainViewController.m */ = {isa = PBXFileReference; fileEncoding = 4; lastKnownFileType = sourcecode.c.objc; path = EquipmentMainViewController.m; sourceTree = "<group>"; };
		F323284F18D56DFB006C7E64 /* EquipmentTableCell.h */ = {isa = PBXFileReference; fileEncoding = 4; lastKnownFileType = sourcecode.c.h; path = EquipmentTableCell.h; sourceTree = "<group>"; };
		F323285018D56DFB006C7E64 /* EquipmentTableCell.m */ = {isa = PBXFileReference; fileEncoding = 4; lastKnownFileType = sourcecode.c.objc; path = EquipmentTableCell.m; sourceTree = "<group>"; };
		F323285118D56DFB006C7E64 /* EquipmentWiseReportViewController.h */ = {isa = PBXFileReference; fileEncoding = 4; lastKnownFileType = sourcecode.c.h; path = EquipmentWiseReportViewController.h; sourceTree = "<group>"; };
		F323285218D56DFB006C7E64 /* EquipmentWiseReportViewController.m */ = {isa = PBXFileReference; fileEncoding = 4; lastKnownFileType = sourcecode.c.objc; path = EquipmentWiseReportViewController.m; sourceTree = "<group>"; };
		F323285418D56DFB006C7E64 /* addIcon.png */ = {isa = PBXFileReference; lastKnownFileType = image.png; path = addIcon.png; sourceTree = "<group>"; };
		F323285518D56DFB006C7E64 /* addIcon@2x.png */ = {isa = PBXFileReference; lastKnownFileType = image.png; path = "addIcon@2x.png"; sourceTree = "<group>"; };
		F323285618D56DFB006C7E64 /* appIcon29pt.png */ = {isa = PBXFileReference; lastKnownFileType = image.png; path = appIcon29pt.png; sourceTree = "<group>"; };
		F323285718D56DFB006C7E64 /* appIcon40pt.png */ = {isa = PBXFileReference; lastKnownFileType = image.png; path = appIcon40pt.png; sourceTree = "<group>"; };
		F323285818D56DFB006C7E64 /* appIcon60pt.png */ = {isa = PBXFileReference; lastKnownFileType = image.png; path = appIcon60pt.png; sourceTree = "<group>"; };
		F323285918D56DFB006C7E64 /* checkBox.png */ = {isa = PBXFileReference; lastKnownFileType = image.png; path = checkBox.png; sourceTree = "<group>"; };
		F323285A18D56DFB006C7E64 /* checkBox@2x.png */ = {isa = PBXFileReference; lastKnownFileType = image.png; path = "checkBox@2x.png"; sourceTree = "<group>"; };
		F323285B18D56DFB006C7E64 /* checkBoxMarked.png */ = {isa = PBXFileReference; lastKnownFileType = image.png; path = checkBoxMarked.png; sourceTree = "<group>"; };
		F323285C18D56DFB006C7E64 /* checkBoxMarked@2x.png */ = {isa = PBXFileReference; lastKnownFileType = image.png; path = "checkBoxMarked@2x.png"; sourceTree = "<group>"; };
		F323285D18D56DFB006C7E64 /* no_image.jpg */ = {isa = PBXFileReference; lastKnownFileType = image.jpeg; path = no_image.jpg; sourceTree = "<group>"; };
		F323286018D56DFB006C7E64 /* settings.png */ = {isa = PBXFileReference; lastKnownFileType = image.png; path = settings.png; sourceTree = "<group>"; };
		F323286118D56DFB006C7E64 /* settings@2x.png */ = {isa = PBXFileReference; lastKnownFileType = image.png; path = "settings@2x.png"; sourceTree = "<group>"; };
		F323286218D56DFB006C7E64 /* workout.png */ = {isa = PBXFileReference; lastKnownFileType = image.png; path = workout.png; sourceTree = "<group>"; };
		F323286318D56DFB006C7E64 /* workout@2x.png */ = {isa = PBXFileReference; lastKnownFileType = image.png; path = "workout@2x.png"; sourceTree = "<group>"; };
		F323286418D56DFB006C7E64 /* Main.storyboard */ = {isa = PBXFileReference; fileEncoding = 4; lastKnownFileType = file.storyboard; path = Main.storyboard; sourceTree = "<group>"; };
		F323286818D56DFB006C7E64 /* PNBar.h */ = {isa = PBXFileReference; fileEncoding = 4; lastKnownFileType = sourcecode.c.h; path = PNBar.h; sourceTree = "<group>"; };
		F323286918D56DFB006C7E64 /* PNBar.m */ = {isa = PBXFileReference; fileEncoding = 4; lastKnownFileType = sourcecode.c.objc; path = PNBar.m; sourceTree = "<group>"; };
		F323286A18D56DFB006C7E64 /* PNBarChart.h */ = {isa = PBXFileReference; fileEncoding = 4; lastKnownFileType = sourcecode.c.h; path = PNBarChart.h; sourceTree = "<group>"; };
		F323286B18D56DFB006C7E64 /* PNBarChart.m */ = {isa = PBXFileReference; fileEncoding = 4; lastKnownFileType = sourcecode.c.objc; path = PNBarChart.m; sourceTree = "<group>"; };
		F323286C18D56DFB006C7E64 /* PNChart.h */ = {isa = PBXFileReference; fileEncoding = 4; lastKnownFileType = sourcecode.c.h; path = PNChart.h; sourceTree = "<group>"; };
		F323286D18D56DFB006C7E64 /* PNChartDelegate.h */ = {isa = PBXFileReference; fileEncoding = 4; lastKnownFileType = sourcecode.c.h; path = PNChartDelegate.h; sourceTree = "<group>"; };
		F323286E18D56DFB006C7E64 /* PNChartLabel.h */ = {isa = PBXFileReference; fileEncoding = 4; lastKnownFileType = sourcecode.c.h; path = PNChartLabel.h; sourceTree = "<group>"; };
		F323286F18D56DFB006C7E64 /* PNChartLabel.m */ = {isa = PBXFileReference; fileEncoding = 4; lastKnownFileType = sourcecode.c.objc; path = PNChartLabel.m; sourceTree = "<group>"; };
		F323287018D56DFB006C7E64 /* PNCircleChart.h */ = {isa = PBXFileReference; fileEncoding = 4; lastKnownFileType = sourcecode.c.h; path = PNCircleChart.h; sourceTree = "<group>"; };
		F323287118D56DFB006C7E64 /* PNCircleChart.m */ = {isa = PBXFileReference; fileEncoding = 4; lastKnownFileType = sourcecode.c.objc; path = PNCircleChart.m; sourceTree = "<group>"; };
		F323287218D56DFB006C7E64 /* PNColor.h */ = {isa = PBXFileReference; fileEncoding = 4; lastKnownFileType = sourcecode.c.h; path = PNColor.h; sourceTree = "<group>"; };
		F323287318D56DFB006C7E64 /* PNColor.m */ = {isa = PBXFileReference; fileEncoding = 4; lastKnownFileType = sourcecode.c.objc; path = PNColor.m; sourceTree = "<group>"; };
		F323287418D56DFB006C7E64 /* PNLineChart.h */ = {isa = PBXFileReference; fileEncoding = 4; lastKnownFileType = sourcecode.c.h; path = PNLineChart.h; sourceTree = "<group>"; };
		F323287518D56DFB006C7E64 /* PNLineChart.m */ = {isa = PBXFileReference; fileEncoding = 4; lastKnownFileType = sourcecode.c.objc; path = PNLineChart.m; sourceTree = "<group>"; };
		F323287618D56DFB006C7E64 /* PNLineChartData.h */ = {isa = PBXFileReference; fileEncoding = 4; lastKnownFileType = sourcecode.c.h; path = PNLineChartData.h; sourceTree = "<group>"; };
		F323287718D56DFB006C7E64 /* PNLineChartData.m */ = {isa = PBXFileReference; fileEncoding = 4; lastKnownFileType = sourcecode.c.objc; path = PNLineChartData.m; sourceTree = "<group>"; };
		F323287818D56DFB006C7E64 /* PNLineChartDataItem.h */ = {isa = PBXFileReference; fileEncoding = 4; lastKnownFileType = sourcecode.c.h; path = PNLineChartDataItem.h; sourceTree = "<group>"; };
		F323287918D56DFB006C7E64 /* PNLineChartDataItem.m */ = {isa = PBXFileReference; fileEncoding = 4; lastKnownFileType = sourcecode.c.objc; path = PNLineChartDataItem.m; sourceTree = "<group>"; };
		F323287A18D56DFB006C7E64 /* ReportViewController.h */ = {isa = PBXFileReference; fileEncoding = 4; lastKnownFileType = sourcecode.c.h; path = ReportViewController.h; sourceTree = "<group>"; };
		F323287B18D56DFB006C7E64 /* ReportViewController.m */ = {isa = PBXFileReference; fileEncoding = 4; lastKnownFileType = sourcecode.c.objc; path = ReportViewController.m; sourceTree = "<group>"; };
		F323287C18D56DFB006C7E64 /* SettingsViewController.h */ = {isa = PBXFileReference; fileEncoding = 4; lastKnownFileType = sourcecode.c.h; path = SettingsViewController.h; sourceTree = "<group>"; };
		F323287D18D56DFB006C7E64 /* SettingsViewController.m */ = {isa = PBXFileReference; fileEncoding = 4; lastKnownFileType = sourcecode.c.objc; path = SettingsViewController.m; sourceTree = "<group>"; };
		F323287F18D56DFB006C7E64 /* UICountingLabel.h */ = {isa = PBXFileReference; fileEncoding = 4; lastKnownFileType = sourcecode.c.h; path = UICountingLabel.h; sourceTree = "<group>"; };
		F323288018D56DFB006C7E64 /* UICountingLabel.m */ = {isa = PBXFileReference; fileEncoding = 4; lastKnownFileType = sourcecode.c.objc; path = UICountingLabel.m; sourceTree = "<group>"; };
		F323288118D56DFB006C7E64 /* Utility.h */ = {isa = PBXFileReference; fileEncoding = 4; lastKnownFileType = sourcecode.c.h; path = Utility.h; sourceTree = "<group>"; };
		F323288218D56DFB006C7E64 /* Utility.m */ = {isa = PBXFileReference; fileEncoding = 4; lastKnownFileType = sourcecode.c.objc; path = Utility.m; sourceTree = "<group>"; };
		F323288318D56DFB006C7E64 /* WorkoutDetailsViewController.h */ = {isa = PBXFileReference; fileEncoding = 4; lastKnownFileType = sourcecode.c.h; path = WorkoutDetailsViewController.h; sourceTree = "<group>"; };
		F323288418D56DFB006C7E64 /* WorkoutDetailsViewController.m */ = {isa = PBXFileReference; fileEncoding = 4; lastKnownFileType = sourcecode.c.objc; path = WorkoutDetailsViewController.m; sourceTree = "<group>"; };
		F323288518D56DFB006C7E64 /* WorkoutNewViewController.h */ = {isa = PBXFileReference; fileEncoding = 4; lastKnownFileType = sourcecode.c.h; path = WorkoutNewViewController.h; sourceTree = "<group>"; };
		F323288618D56DFB006C7E64 /* WorkoutNewViewController.m */ = {isa = PBXFileReference; fileEncoding = 4; lastKnownFileType = sourcecode.c.objc; path = WorkoutNewViewController.m; sourceTree = "<group>"; };
		F323288718D56DFB006C7E64 /* WorkoutTableCell.h */ = {isa = PBXFileReference; fileEncoding = 4; lastKnownFileType = sourcecode.c.h; path = WorkoutTableCell.h; sourceTree = "<group>"; };
		F323288818D56DFB006C7E64 /* WorkoutTableCell.m */ = {isa = PBXFileReference; fileEncoding = 4; lastKnownFileType = sourcecode.c.objc; path = WorkoutTableCell.m; sourceTree = "<group>"; };
		F32328DD18D577B7006C7E64 /* FMDBDataAccess.h */ = {isa = PBXFileReference; fileEncoding = 4; lastKnownFileType = sourcecode.c.h; path = FMDBDataAccess.h; sourceTree = "<group>"; };
		F32328DE18D577B7006C7E64 /* FMDBDataAccess.m */ = {isa = PBXFileReference; fileEncoding = 4; lastKnownFileType = sourcecode.c.objc; path = FMDBDataAccess.m; sourceTree = "<group>"; };
		F32328E018D58FA6006C7E64 /* libsqlite3.dylib */ = {isa = PBXFileReference; lastKnownFileType = "compiled.mach-o.dylib"; name = libsqlite3.dylib; path = usr/lib/libsqlite3.dylib; sourceTree = SDKROOT; };
		F3D2B68618D8273F00E85646 /* MyPMCalendarController.h */ = {isa = PBXFileReference; fileEncoding = 4; lastKnownFileType = sourcecode.c.h; path = MyPMCalendarController.h; sourceTree = "<group>"; };
		F3D2B68718D8273F00E85646 /* MyPMCalendarController.m */ = {isa = PBXFileReference; fileEncoding = 4; lastKnownFileType = sourcecode.c.objc; path = MyPMCalendarController.m; sourceTree = "<group>"; };
		F3D2B68C18D8380300E85646 /* PMCalendar.h */ = {isa = PBXFileReference; fileEncoding = 4; lastKnownFileType = sourcecode.c.h; path = PMCalendar.h; sourceTree = "<group>"; };
		F3D2B68E18D8380300E85646 /* NSDate+Helpers.h */ = {isa = PBXFileReference; fileEncoding = 4; lastKnownFileType = sourcecode.c.h; path = "NSDate+Helpers.h"; sourceTree = "<group>"; };
		F3D2B68F18D8380300E85646 /* NSDate+Helpers.m */ = {isa = PBXFileReference; fileEncoding = 4; lastKnownFileType = sourcecode.c.objc; path = "NSDate+Helpers.m"; sourceTree = "<group>"; };
		F3D2B69018D8380300E85646 /* PMCalendarBackgroundView.h */ = {isa = PBXFileReference; fileEncoding = 4; lastKnownFileType = sourcecode.c.h; path = PMCalendarBackgroundView.h; sourceTree = "<group>"; };
		F3D2B69118D8380300E85646 /* PMCalendarBackgroundView.m */ = {isa = PBXFileReference; fileEncoding = 4; lastKnownFileType = sourcecode.c.objc; path = PMCalendarBackgroundView.m; sourceTree = "<group>"; };
		F3D2B69218D8380300E85646 /* PMCalendarConstants.h */ = {isa = PBXFileReference; fileEncoding = 4; lastKnownFileType = sourcecode.c.h; path = PMCalendarConstants.h; sourceTree = "<group>"; };
		F3D2B69318D8380300E85646 /* PMCalendarController.h */ = {isa = PBXFileReference; fileEncoding = 4; lastKnownFileType = sourcecode.c.h; path = PMCalendarController.h; sourceTree = "<group>"; };
		F3D2B69418D8380300E85646 /* PMCalendarController.m */ = {isa = PBXFileReference; fileEncoding = 4; lastKnownFileType = sourcecode.c.objc; path = PMCalendarController.m; sourceTree = "<group>"; };
		F3D2B69518D8380300E85646 /* PMCalendarHelpers.h */ = {isa = PBXFileReference; fileEncoding = 4; lastKnownFileType = sourcecode.c.h; path = PMCalendarHelpers.h; sourceTree = "<group>"; };
		F3D2B69618D8380300E85646 /* PMCalendarView.h */ = {isa = PBXFileReference; fileEncoding = 4; lastKnownFileType = sourcecode.c.h; path = PMCalendarView.h; sourceTree = "<group>"; };
		F3D2B69718D8380300E85646 /* PMCalendarView.m */ = {isa = PBXFileReference; fileEncoding = 4; lastKnownFileType = sourcecode.c.objc; path = PMCalendarView.m; sourceTree = "<group>"; };
		F3D2B69818D8380300E85646 /* PMDimmingView.h */ = {isa = PBXFileReference; fileEncoding = 4; lastKnownFileType = sourcecode.c.h; path = PMDimmingView.h; sourceTree = "<group>"; };
		F3D2B69918D8380300E85646 /* PMDimmingView.m */ = {isa = PBXFileReference; fileEncoding = 4; lastKnownFileType = sourcecode.c.objc; path = PMDimmingView.m; sourceTree = "<group>"; };
		F3D2B69A18D8380300E85646 /* PMPeriod.h */ = {isa = PBXFileReference; fileEncoding = 4; lastKnownFileType = sourcecode.c.h; path = PMPeriod.h; sourceTree = "<group>"; };
		F3D2B69B18D8380300E85646 /* PMPeriod.m */ = {isa = PBXFileReference; fileEncoding = 4; lastKnownFileType = sourcecode.c.objc; path = PMPeriod.m; sourceTree = "<group>"; };
		F3D2B69C18D8380300E85646 /* PMSelectionView.h */ = {isa = PBXFileReference; fileEncoding = 4; lastKnownFileType = sourcecode.c.h; path = PMSelectionView.h; sourceTree = "<group>"; };
		F3D2B69D18D8380300E85646 /* PMSelectionView.m */ = {isa = PBXFileReference; fileEncoding = 4; lastKnownFileType = sourcecode.c.objc; path = PMSelectionView.m; sourceTree = "<group>"; };
		F3D2B69E18D8380300E85646 /* PMTheme.h */ = {isa = PBXFileReference; fileEncoding = 4; lastKnownFileType = sourcecode.c.h; path = PMTheme.h; sourceTree = "<group>"; };
		F3D2B69F18D8380300E85646 /* PMThemeEngine.h */ = {isa = PBXFileReference; fileEncoding = 4; lastKnownFileType = sourcecode.c.h; path = PMThemeEngine.h; sourceTree = "<group>"; };
		F3D2B6A018D8380300E85646 /* PMThemeEngine.m */ = {isa = PBXFileReference; fileEncoding = 4; lastKnownFileType = sourcecode.c.objc; path = PMThemeEngine.m; sourceTree = "<group>"; };
		F3D2B6A118D8380300E85646 /* PMThemeShadow.h */ = {isa = PBXFileReference; fileEncoding = 4; lastKnownFileType = sourcecode.c.h; path = PMThemeShadow.h; sourceTree = "<group>"; };
		F3D2B6A218D8380300E85646 /* PMThemeShadow.m */ = {isa = PBXFileReference; fileEncoding = 4; lastKnownFileType = sourcecode.c.objc; path = PMThemeShadow.m; sourceTree = "<group>"; };
		F3D2B6A418D8380300E85646 /* apple calendar.plist */ = {isa = PBXFileReference; fileEncoding = 4; lastKnownFileType = text.plist.xml; path = "apple calendar.plist"; sourceTree = "<group>"; };
		F3D2B6A518D8380300E85646 /* background.png */ = {isa = PBXFileReference; lastKnownFileType = image.png; path = background.png; sourceTree = "<group>"; };
		F3D2B6A618D8380300E85646 /* background@2x.png */ = {isa = PBXFileReference; lastKnownFileType = image.png; path = "background@2x.png"; sourceTree = "<group>"; };
		F3D2B6A718D8380300E85646 /* default.plist */ = {isa = PBXFileReference; fileEncoding = 4; lastKnownFileType = text.plist.xml; path = default.plist; sourceTree = "<group>"; };
		F3DECBDB18E14BF2001B29BF /* report.png */ = {isa = PBXFileReference; lastKnownFileType = image.png; path = report.png; sourceTree = "<group>"; };
		F3DECBDC18E14BF2001B29BF /* report@2x.png */ = {isa = PBXFileReference; lastKnownFileType = image.png; path = "report@2x.png"; sourceTree = "<group>"; };
		F3DECBE918E16E0B001B29BF /* button_bg.png */ = {isa = PBXFileReference; lastKnownFileType = image.png; path = button_bg.png; sourceTree = "<group>"; };
		F3E02BB818D5AB8D00767921 /* LineChartVO.h */ = {isa = PBXFileReference; fileEncoding = 4; lastKnownFileType = sourcecode.c.h; path = LineChartVO.h; sourceTree = "<group>"; };
		F3E02BB918D5AB8D00767921 /* LineChartVO.m */ = {isa = PBXFileReference; fileEncoding = 4; lastKnownFileType = sourcecode.c.objc; path = LineChartVO.m; sourceTree = "<group>"; };
		F3E07C2818D69FA0000DA9C4 /* NSDate+CalendarGrid.h */ = {isa = PBXFileReference; fileEncoding = 4; lastKnownFileType = sourcecode.c.h; path = "NSDate+CalendarGrid.h"; sourceTree = "<group>"; };
		F3E07C2918D69FA0000DA9C4 /* NSDate+CalendarGrid.m */ = {isa = PBXFileReference; fileEncoding = 4; lastKnownFileType = sourcecode.c.objc; path = "NSDate+CalendarGrid.m"; sourceTree = "<group>"; };
		F3E07C2A18D69FA0000DA9C4 /* NSDate+TKCategory.h */ = {isa = PBXFileReference; fileEncoding = 4; lastKnownFileType = sourcecode.c.h; path = "NSDate+TKCategory.h"; sourceTree = "<group>"; };
		F3E07C2B18D69FA0000DA9C4 /* NSDate+TKCategory.m */ = {isa = PBXFileReference; fileEncoding = 4; lastKnownFileType = sourcecode.c.objc; path = "NSDate+TKCategory.m"; sourceTree = "<group>"; };
		F3E07C2C18D69FA0000DA9C4 /* TKCalendarMonthView.h */ = {isa = PBXFileReference; fileEncoding = 4; lastKnownFileType = sourcecode.c.h; path = TKCalendarMonthView.h; sourceTree = "<group>"; };
		F3E07C2D18D69FA0000DA9C4 /* TKCalendarMonthView.m */ = {isa = PBXFileReference; fileEncoding = 4; lastKnownFileType = sourcecode.c.objc; path = TKCalendarMonthView.m; sourceTree = "<group>"; };
		F3E07C2E18D69FA0000DA9C4 /* TKGlobal.h */ = {isa = PBXFileReference; fileEncoding = 4; lastKnownFileType = sourcecode.c.h; path = TKGlobal.h; sourceTree = "<group>"; };
		F3E07C2F18D69FA0000DA9C4 /* TKGlobal.m */ = {isa = PBXFileReference; fileEncoding = 4; lastKnownFileType = sourcecode.c.objc; path = TKGlobal.m; sourceTree = "<group>"; };
		F3E07C3018D69FA0000DA9C4 /* TKGradientView.h */ = {isa = PBXFileReference; fileEncoding = 4; lastKnownFileType = sourcecode.c.h; path = TKGradientView.h; sourceTree = "<group>"; };
		F3E07C3118D69FA0000DA9C4 /* TKGradientView.m */ = {isa = PBXFileReference; fileEncoding = 4; lastKnownFileType = sourcecode.c.objc; path = TKGradientView.m; sourceTree = "<group>"; };
		F3E07C3218D69FA0000DA9C4 /* UIColor+TKCategory.h */ = {isa = PBXFileReference; fileEncoding = 4; lastKnownFileType = sourcecode.c.h; path = "UIColor+TKCategory.h"; sourceTree = "<group>"; };
		F3E07C3318D69FA0000DA9C4 /* UIColor+TKCategory.m */ = {isa = PBXFileReference; fileEncoding = 4; lastKnownFileType = sourcecode.c.objc; path = "UIColor+TKCategory.m"; sourceTree = "<group>"; };
		F3E07C3418D69FA0000DA9C4 /* UIImage+TKCategory.h */ = {isa = PBXFileReference; fileEncoding = 4; lastKnownFileType = sourcecode.c.h; path = "UIImage+TKCategory.h"; sourceTree = "<group>"; };
		F3E07C3518D69FA0000DA9C4 /* UIImage+TKCategory.m */ = {isa = PBXFileReference; fileEncoding = 4; lastKnownFileType = sourcecode.c.objc; path = "UIImage+TKCategory.m"; sourceTree = "<group>"; };
		F3E07C3618D69FA0000DA9C4 /* UIImageView+TKCategory.h */ = {isa = PBXFileReference; fileEncoding = 4; lastKnownFileType = sourcecode.c.h; path = "UIImageView+TKCategory.h"; sourceTree = "<group>"; };
		F3E07C3718D69FA0000DA9C4 /* UIImageView+TKCategory.m */ = {isa = PBXFileReference; fileEncoding = 4; lastKnownFileType = sourcecode.c.objc; path = "UIImageView+TKCategory.m"; sourceTree = "<group>"; };
		F3E07C3818D69FA0000DA9C4 /* UIView+TKCategory.h */ = {isa = PBXFileReference; fileEncoding = 4; lastKnownFileType = sourcecode.c.h; path = "UIView+TKCategory.h"; sourceTree = "<group>"; };
		F3E07C3918D69FA0000DA9C4 /* UIView+TKCategory.m */ = {isa = PBXFileReference; fileEncoding = 4; lastKnownFileType = sourcecode.c.objc; path = "UIView+TKCategory.m"; sourceTree = "<group>"; };
		F3E07C4418D6A172000DA9C4 /* TapkuLibrary.bundle */ = {isa = PBXFileReference; lastKnownFileType = "wrapper.plug-in"; name = TapkuLibrary.bundle; path = TapkuLibrary/TapkuLibrary.bundle; sourceTree = "<group>"; };
		F3E07C4D18D6FF5E000DA9C4 /* FMDatabase.h */ = {isa = PBXFileReference; fileEncoding = 4; lastKnownFileType = sourcecode.c.h; path = FMDatabase.h; sourceTree = "<group>"; };
		F3E07C4E18D6FF5E000DA9C4 /* FMDatabase.m */ = {isa = PBXFileReference; fileEncoding = 4; lastKnownFileType = sourcecode.c.objc; path = FMDatabase.m; sourceTree = "<group>"; };
		F3E07C4F18D6FF5E000DA9C4 /* FMDatabaseAdditions.h */ = {isa = PBXFileReference; fileEncoding = 4; lastKnownFileType = sourcecode.c.h; path = FMDatabaseAdditions.h; sourceTree = "<group>"; };
		F3E07C5018D6FF5E000DA9C4 /* FMDatabaseAdditions.m */ = {isa = PBXFileReference; fileEncoding = 4; lastKnownFileType = sourcecode.c.objc; path = FMDatabaseAdditions.m; sourceTree = "<group>"; };
		F3E07C5118D6FF5E000DA9C4 /* FMDatabasePool.h */ = {isa = PBXFileReference; fileEncoding = 4; lastKnownFileType = sourcecode.c.h; path = FMDatabasePool.h; sourceTree = "<group>"; };
		F3E07C5218D6FF5E000DA9C4 /* FMDatabasePool.m */ = {isa = PBXFileReference; fileEncoding = 4; lastKnownFileType = sourcecode.c.objc; path = FMDatabasePool.m; sourceTree = "<group>"; };
		F3E07C5318D6FF5E000DA9C4 /* FMDatabaseQueue.h */ = {isa = PBXFileReference; fileEncoding = 4; lastKnownFileType = sourcecode.c.h; path = FMDatabaseQueue.h; sourceTree = "<group>"; };
		F3E07C5418D6FF5E000DA9C4 /* FMDatabaseQueue.m */ = {isa = PBXFileReference; fileEncoding = 4; lastKnownFileType = sourcecode.c.objc; path = FMDatabaseQueue.m; sourceTree = "<group>"; };
		F3E07C5518D6FF5E000DA9C4 /* FMDB.h */ = {isa = PBXFileReference; fileEncoding = 4; lastKnownFileType = sourcecode.c.h; path = FMDB.h; sourceTree = "<group>"; };
		F3E07C5618D6FF5E000DA9C4 /* FMResultSet.h */ = {isa = PBXFileReference; fileEncoding = 4; lastKnownFileType = sourcecode.c.h; path = FMResultSet.h; sourceTree = "<group>"; };
		F3E07C5718D6FF5E000DA9C4 /* FMResultSet.m */ = {isa = PBXFileReference; fileEncoding = 4; lastKnownFileType = sourcecode.c.objc; path = FMResultSet.m; sourceTree = "<group>"; };
		F3ED195C18E3DEBB00DC7F13 /* legend.png */ = {isa = PBXFileReference; lastKnownFileType = image.png; path = legend.png; sourceTree = "<group>"; };
		F3FE80D518E938E80051D4B2 /* Measurement.h */ = {isa = PBXFileReference; fileEncoding = 4; lastKnownFileType = sourcecode.c.h; path = Measurement.h; sourceTree = "<group>"; };
		F3FE80D618E938E80051D4B2 /* Measurement.m */ = {isa = PBXFileReference; fileEncoding = 4; lastKnownFileType = sourcecode.c.objc; path = Measurement.m; sourceTree = "<group>"; };
		F3FE80D818E9393B0051D4B2 /* MeasurementHistory.h */ = {isa = PBXFileReference; fileEncoding = 4; lastKnownFileType = sourcecode.c.h; path = MeasurementHistory.h; sourceTree = "<group>"; };
		F3FE80D918E9393B0051D4B2 /* MeasurementHistory.m */ = {isa = PBXFileReference; fileEncoding = 4; lastKnownFileType = sourcecode.c.objc; path = MeasurementHistory.m; sourceTree = "<group>"; };
		F3FE80DC18E947B70051D4B2 /* MeasurementsTableViewController.h */ = {isa = PBXFileReference; fileEncoding = 4; lastKnownFileType = sourcecode.c.h; path = MeasurementsTableViewController.h; sourceTree = "<group>"; };
		F3FE80DD18E947B70051D4B2 /* MeasurementsTableViewController.m */ = {isa = PBXFileReference; fileEncoding = 4; lastKnownFileType = sourcecode.c.objc; path = MeasurementsTableViewController.m; sourceTree = "<group>"; };
		F3FE80DF18E9486F0051D4B2 /* MeasurementsViewController.h */ = {isa = PBXFileReference; fileEncoding = 4; lastKnownFileType = sourcecode.c.h; path = MeasurementsViewController.h; sourceTree = "<group>"; };
		F3FE80E018E9486F0051D4B2 /* MeasurementsViewController.m */ = {isa = PBXFileReference; fileEncoding = 4; lastKnownFileType = sourcecode.c.objc; path = MeasurementsViewController.m; sourceTree = "<group>"; };
		F3FE80E218E949A50051D4B2 /* gymTracker.db */ = {isa = PBXFileReference; lastKnownFileType = file; path = gymTracker.db; sourceTree = "<group>"; };
/* End PBXFileReference section */

/* Begin PBXFrameworksBuildPhase section */
		F32327EB18D56D2D006C7E64 /* Frameworks */ = {
			isa = PBXFrameworksBuildPhase;
			buildActionMask = 2147483647;
			files = (
				F32328E118D58FA6006C7E64 /* libsqlite3.dylib in Frameworks */,
				F32327F418D56D2D006C7E64 /* CoreGraphics.framework in Frameworks */,
				F32327F618D56D2D006C7E64 /* UIKit.framework in Frameworks */,
				F32327F218D56D2D006C7E64 /* Foundation.framework in Frameworks */,
			);
			runOnlyForDeploymentPostprocessing = 0;
		};
		F323280618D56D2D006C7E64 /* Frameworks */ = {
			isa = PBXFrameworksBuildPhase;
			buildActionMask = 2147483647;
			files = (
				F323280B18D56D2D006C7E64 /* XCTest.framework in Frameworks */,
				F323280D18D56D2D006C7E64 /* UIKit.framework in Frameworks */,
				F323280C18D56D2D006C7E64 /* Foundation.framework in Frameworks */,
			);
			runOnlyForDeploymentPostprocessing = 0;
		};
/* End PBXFrameworksBuildPhase section */

/* Begin PBXGroup section */
		F32327E518D56D2D006C7E64 = {
			isa = PBXGroup;
			children = (
				F32327F718D56D2D006C7E64 /* gymTracker */,
				F323281018D56D2D006C7E64 /* gymTrackerTests */,
				F32327F018D56D2D006C7E64 /* Frameworks */,
				F32327EF18D56D2D006C7E64 /* Products */,
			);
			sourceTree = "<group>";
		};
		F32327EF18D56D2D006C7E64 /* Products */ = {
			isa = PBXGroup;
			children = (
				F32327EE18D56D2D006C7E64 /* gymTracker.app */,
				F323280918D56D2D006C7E64 /* gymTrackerTests.xctest */,
			);
			name = Products;
			sourceTree = "<group>";
		};
		F32327F018D56D2D006C7E64 /* Frameworks */ = {
			isa = PBXGroup;
			children = (
				F32328E018D58FA6006C7E64 /* libsqlite3.dylib */,
				F32327F118D56D2D006C7E64 /* Foundation.framework */,
				F32327F318D56D2D006C7E64 /* CoreGraphics.framework */,
				F32327F518D56D2D006C7E64 /* UIKit.framework */,
				F323280A18D56D2D006C7E64 /* XCTest.framework */,
			);
			name = Frameworks;
			sourceTree = "<group>";
		};
		F32327F718D56D2D006C7E64 /* gymTracker */ = {
			isa = PBXGroup;
			children = (
				F3E07C4C18D6FF5E000DA9C4 /* fmdb */,
				F323282418D56DFB006C7E64 /* db */,
				F323286718D56DFB006C7E64 /* PNChart */,
				F323287E18D56DFB006C7E64 /* utils */,
				F32328DC18D577B7006C7E64 /* services */,
				F3E07C2718D69FA0000DA9C4 /* TapkuLibrary */,
				F3D2B68B18D8380300E85646 /* PMCalendar */,
				F323280018D56D2D006C7E64 /* AppDelegate.h */,
				F323280118D56D2D006C7E64 /* AppDelegate.m */,
				F323282018D56DFB006C7E64 /* DateWiseReportCell.h */,
				F323282118D56DFB006C7E64 /* DateWiseReportCell.m */,
				F323282218D56DFB006C7E64 /* DateWiseReportViewController.h */,
				F323282318D56DFB006C7E64 /* DateWiseReportViewController.m */,
				F323284B18D56DFB006C7E64 /* EquipmentDetailsViewController.h */,
				F323284C18D56DFB006C7E64 /* EquipmentDetailsViewController.m */,
				F323284D18D56DFB006C7E64 /* EquipmentMainViewController.h */,
				F323284E18D56DFB006C7E64 /* EquipmentMainViewController.m */,
				F323284F18D56DFB006C7E64 /* EquipmentTableCell.h */,
				F323285018D56DFB006C7E64 /* EquipmentTableCell.m */,
				F323285118D56DFB006C7E64 /* EquipmentWiseReportViewController.h */,
				F323285218D56DFB006C7E64 /* EquipmentWiseReportViewController.m */,
				F3D2B68618D8273F00E85646 /* MyPMCalendarController.h */,
				F3D2B68718D8273F00E85646 /* MyPMCalendarController.m */,
				F323286418D56DFB006C7E64 /* Main.storyboard */,
				F3FE80DF18E9486F0051D4B2 /* MeasurementsViewController.h */,
				F3FE80E018E9486F0051D4B2 /* MeasurementsViewController.m */,
				F3FE80DC18E947B70051D4B2 /* MeasurementsTableViewController.h */,
				F3FE80DD18E947B70051D4B2 /* MeasurementsTableViewController.m */,
				F323287A18D56DFB006C7E64 /* ReportViewController.h */,
				F323287B18D56DFB006C7E64 /* ReportViewController.m */,
				F323287C18D56DFB006C7E64 /* SettingsViewController.h */,
				F323287D18D56DFB006C7E64 /* SettingsViewController.m */,
				F304C8AE18DFFF5D009A27D3 /* WorkoutMainViewController.h */,
				F304C8AF18DFFF5D009A27D3 /* WorkoutMainViewController.m */,
				F323288318D56DFB006C7E64 /* WorkoutDetailsViewController.h */,
				F323288418D56DFB006C7E64 /* WorkoutDetailsViewController.m */,
				F323288518D56DFB006C7E64 /* WorkoutNewViewController.h */,
				F323288618D56DFB006C7E64 /* WorkoutNewViewController.m */,
				F323288718D56DFB006C7E64 /* WorkoutTableCell.h */,
				F323288818D56DFB006C7E64 /* WorkoutTableCell.m */,
				F323280318D56D2D006C7E64 /* Images.xcassets */,
				F32327F818D56D2D006C7E64 /* Supporting Files */,
			);
			path = gymTracker;
			sourceTree = "<group>";
		};
		F32327F818D56D2D006C7E64 /* Supporting Files */ = {
			isa = PBXGroup;
			children = (
				F3FE80E218E949A50051D4B2 /* gymTracker.db */,
				F3E07C4418D6A172000DA9C4 /* TapkuLibrary.bundle */,
				F323285318D56DFB006C7E64 /* icons */,
				F32327F918D56D2D006C7E64 /* gymTracker-Info.plist */,
				F32327FA18D56D2D006C7E64 /* InfoPlist.strings */,
				F32327FD18D56D2D006C7E64 /* main.m */,
				F32327FF18D56D2D006C7E64 /* gymTracker-Prefix.pch */,
			);
			name = "Supporting Files";
			sourceTree = "<group>";
		};
		F323281018D56D2D006C7E64 /* gymTrackerTests */ = {
			isa = PBXGroup;
			children = (
				F323281618D56D2D006C7E64 /* gymTrackerTests.m */,
				F323281118D56D2D006C7E64 /* Supporting Files */,
			);
			path = gymTrackerTests;
			sourceTree = "<group>";
		};
		F323281118D56D2D006C7E64 /* Supporting Files */ = {
			isa = PBXGroup;
			children = (
				F323281218D56D2D006C7E64 /* gymTrackerTests-Info.plist */,
				F323281318D56D2D006C7E64 /* InfoPlist.strings */,
			);
			name = "Supporting Files";
			sourceTree = "<group>";
		};
		F323282418D56DFB006C7E64 /* db */ = {
			isa = PBXGroup;
			children = (
				F323282518D56DFB006C7E64 /* Equipment.h */,
				F323282618D56DFB006C7E64 /* Equipment.m */,
				F323282718D56DFB006C7E64 /* Settings.h */,
				F323282818D56DFB006C7E64 /* Settings.m */,
				F323282918D56DFB006C7E64 /* Workout.h */,
				F323282A18D56DFB006C7E64 /* Workout.m */,
				F3E02BB818D5AB8D00767921 /* LineChartVO.h */,
				F3E02BB918D5AB8D00767921 /* LineChartVO.m */,
				F3FE80D518E938E80051D4B2 /* Measurement.h */,
				F3FE80D618E938E80051D4B2 /* Measurement.m */,
				F3FE80D818E9393B0051D4B2 /* MeasurementHistory.h */,
				F3FE80D918E9393B0051D4B2 /* MeasurementHistory.m */,
			);
			path = db;
			sourceTree = "<group>";
		};
		F323285318D56DFB006C7E64 /* icons */ = {
			isa = PBXGroup;
			children = (
				F3ED195C18E3DEBB00DC7F13 /* legend.png */,
				F3DECBE918E16E0B001B29BF /* button_bg.png */,
				F3DECBDB18E14BF2001B29BF /* report.png */,
				F3DECBDC18E14BF2001B29BF /* report@2x.png */,
				F323285418D56DFB006C7E64 /* addIcon.png */,
				F323285518D56DFB006C7E64 /* addIcon@2x.png */,
				F323285618D56DFB006C7E64 /* appIcon29pt.png */,
				F323285718D56DFB006C7E64 /* appIcon40pt.png */,
				F323285818D56DFB006C7E64 /* appIcon60pt.png */,
				F323285918D56DFB006C7E64 /* checkBox.png */,
				F323285A18D56DFB006C7E64 /* checkBox@2x.png */,
				F323285B18D56DFB006C7E64 /* checkBoxMarked.png */,
				F323285C18D56DFB006C7E64 /* checkBoxMarked@2x.png */,
				F323285D18D56DFB006C7E64 /* no_image.jpg */,
				F323286018D56DFB006C7E64 /* settings.png */,
				F323286118D56DFB006C7E64 /* settings@2x.png */,
				F323286218D56DFB006C7E64 /* workout.png */,
				F323286318D56DFB006C7E64 /* workout@2x.png */,
			);
			path = icons;
			sourceTree = "<group>";
		};
		F323286718D56DFB006C7E64 /* PNChart */ = {
			isa = PBXGroup;
			children = (
				F323286818D56DFB006C7E64 /* PNBar.h */,
				F323286918D56DFB006C7E64 /* PNBar.m */,
				F323286A18D56DFB006C7E64 /* PNBarChart.h */,
				F323286B18D56DFB006C7E64 /* PNBarChart.m */,
				F323286C18D56DFB006C7E64 /* PNChart.h */,
				F323286D18D56DFB006C7E64 /* PNChartDelegate.h */,
				F323286E18D56DFB006C7E64 /* PNChartLabel.h */,
				F323286F18D56DFB006C7E64 /* PNChartLabel.m */,
				F323287018D56DFB006C7E64 /* PNCircleChart.h */,
				F323287118D56DFB006C7E64 /* PNCircleChart.m */,
				F323287218D56DFB006C7E64 /* PNColor.h */,
				F323287318D56DFB006C7E64 /* PNColor.m */,
				F323287418D56DFB006C7E64 /* PNLineChart.h */,
				F323287518D56DFB006C7E64 /* PNLineChart.m */,
				F323287618D56DFB006C7E64 /* PNLineChartData.h */,
				F323287718D56DFB006C7E64 /* PNLineChartData.m */,
				F323287818D56DFB006C7E64 /* PNLineChartDataItem.h */,
				F323287918D56DFB006C7E64 /* PNLineChartDataItem.m */,
			);
			path = PNChart;
			sourceTree = "<group>";
		};
		F323287E18D56DFB006C7E64 /* utils */ = {
			isa = PBXGroup;
			children = (
				F323287F18D56DFB006C7E64 /* UICountingLabel.h */,
				F323288018D56DFB006C7E64 /* UICountingLabel.m */,
				F323288118D56DFB006C7E64 /* Utility.h */,
				F323288218D56DFB006C7E64 /* Utility.m */,
			);
			path = utils;
			sourceTree = "<group>";
		};
		F32328DC18D577B7006C7E64 /* services */ = {
			isa = PBXGroup;
			children = (
				F32328DD18D577B7006C7E64 /* FMDBDataAccess.h */,
				F32328DE18D577B7006C7E64 /* FMDBDataAccess.m */,
			);
			path = services;
			sourceTree = "<group>";
		};
		F3D2B68B18D8380300E85646 /* PMCalendar */ = {
			isa = PBXGroup;
			children = (
				F3D2B68C18D8380300E85646 /* PMCalendar.h */,
				F3D2B68D18D8380300E85646 /* src */,
				F3D2B6A318D8380300E85646 /* Theme */,
			);
			path = PMCalendar;
			sourceTree = "<group>";
		};
		F3D2B68D18D8380300E85646 /* src */ = {
			isa = PBXGroup;
			children = (
				F3D2B68E18D8380300E85646 /* NSDate+Helpers.h */,
				F3D2B68F18D8380300E85646 /* NSDate+Helpers.m */,
				F3D2B69018D8380300E85646 /* PMCalendarBackgroundView.h */,
				F3D2B69118D8380300E85646 /* PMCalendarBackgroundView.m */,
				F3D2B69218D8380300E85646 /* PMCalendarConstants.h */,
				F3D2B69318D8380300E85646 /* PMCalendarController.h */,
				F3D2B69418D8380300E85646 /* PMCalendarController.m */,
				F3D2B69518D8380300E85646 /* PMCalendarHelpers.h */,
				F3D2B69618D8380300E85646 /* PMCalendarView.h */,
				F3D2B69718D8380300E85646 /* PMCalendarView.m */,
				F3D2B69818D8380300E85646 /* PMDimmingView.h */,
				F3D2B69918D8380300E85646 /* PMDimmingView.m */,
				F3D2B69A18D8380300E85646 /* PMPeriod.h */,
				F3D2B69B18D8380300E85646 /* PMPeriod.m */,
				F3D2B69C18D8380300E85646 /* PMSelectionView.h */,
				F3D2B69D18D8380300E85646 /* PMSelectionView.m */,
				F3D2B69E18D8380300E85646 /* PMTheme.h */,
				F3D2B69F18D8380300E85646 /* PMThemeEngine.h */,
				F3D2B6A018D8380300E85646 /* PMThemeEngine.m */,
				F3D2B6A118D8380300E85646 /* PMThemeShadow.h */,
				F3D2B6A218D8380300E85646 /* PMThemeShadow.m */,
			);
			path = src;
			sourceTree = "<group>";
		};
		F3D2B6A318D8380300E85646 /* Theme */ = {
			isa = PBXGroup;
			children = (
				F3D2B6A418D8380300E85646 /* apple calendar.plist */,
				F3D2B6A518D8380300E85646 /* background.png */,
				F3D2B6A618D8380300E85646 /* background@2x.png */,
				F3D2B6A718D8380300E85646 /* default.plist */,
			);
			path = Theme;
			sourceTree = "<group>";
		};
		F3E07C2718D69FA0000DA9C4 /* TapkuLibrary */ = {
			isa = PBXGroup;
			children = (
				F3E07C2818D69FA0000DA9C4 /* NSDate+CalendarGrid.h */,
				F3E07C2918D69FA0000DA9C4 /* NSDate+CalendarGrid.m */,
				F3E07C2A18D69FA0000DA9C4 /* NSDate+TKCategory.h */,
				F3E07C2B18D69FA0000DA9C4 /* NSDate+TKCategory.m */,
				F3E07C2C18D69FA0000DA9C4 /* TKCalendarMonthView.h */,
				F3E07C2D18D69FA0000DA9C4 /* TKCalendarMonthView.m */,
				F3E07C2E18D69FA0000DA9C4 /* TKGlobal.h */,
				F3E07C2F18D69FA0000DA9C4 /* TKGlobal.m */,
				F3E07C3018D69FA0000DA9C4 /* TKGradientView.h */,
				F3E07C3118D69FA0000DA9C4 /* TKGradientView.m */,
				F3E07C3218D69FA0000DA9C4 /* UIColor+TKCategory.h */,
				F3E07C3318D69FA0000DA9C4 /* UIColor+TKCategory.m */,
				F3E07C3418D69FA0000DA9C4 /* UIImage+TKCategory.h */,
				F3E07C3518D69FA0000DA9C4 /* UIImage+TKCategory.m */,
				F3E07C3618D69FA0000DA9C4 /* UIImageView+TKCategory.h */,
				F3E07C3718D69FA0000DA9C4 /* UIImageView+TKCategory.m */,
				F3E07C3818D69FA0000DA9C4 /* UIView+TKCategory.h */,
				F3E07C3918D69FA0000DA9C4 /* UIView+TKCategory.m */,
			);
			path = TapkuLibrary;
			sourceTree = "<group>";
		};
		F3E07C4C18D6FF5E000DA9C4 /* fmdb */ = {
			isa = PBXGroup;
			children = (
				F3E07C4D18D6FF5E000DA9C4 /* FMDatabase.h */,
				F3E07C4E18D6FF5E000DA9C4 /* FMDatabase.m */,
				F3E07C4F18D6FF5E000DA9C4 /* FMDatabaseAdditions.h */,
				F3E07C5018D6FF5E000DA9C4 /* FMDatabaseAdditions.m */,
				F3E07C5118D6FF5E000DA9C4 /* FMDatabasePool.h */,
				F3E07C5218D6FF5E000DA9C4 /* FMDatabasePool.m */,
				F3E07C5318D6FF5E000DA9C4 /* FMDatabaseQueue.h */,
				F3E07C5418D6FF5E000DA9C4 /* FMDatabaseQueue.m */,
				F3E07C5518D6FF5E000DA9C4 /* FMDB.h */,
				F3E07C5618D6FF5E000DA9C4 /* FMResultSet.h */,
				F3E07C5718D6FF5E000DA9C4 /* FMResultSet.m */,
			);
			path = fmdb;
			sourceTree = "<group>";
		};
/* End PBXGroup section */

/* Begin PBXNativeTarget section */
		F32327ED18D56D2D006C7E64 /* gymTracker */ = {
			isa = PBXNativeTarget;
			buildConfigurationList = F323281A18D56D2D006C7E64 /* Build configuration list for PBXNativeTarget "gymTracker" */;
			buildPhases = (
				F32327EA18D56D2D006C7E64 /* Sources */,
				F32327EB18D56D2D006C7E64 /* Frameworks */,
				F32327EC18D56D2D006C7E64 /* Resources */,
			);
			buildRules = (
			);
			dependencies = (
			);
			name = gymTracker;
			productName = gymTracker;
			productReference = F32327EE18D56D2D006C7E64 /* gymTracker.app */;
			productType = "com.apple.product-type.application";
		};
		F323280818D56D2D006C7E64 /* gymTrackerTests */ = {
			isa = PBXNativeTarget;
			buildConfigurationList = F323281D18D56D2D006C7E64 /* Build configuration list for PBXNativeTarget "gymTrackerTests" */;
			buildPhases = (
				F323280518D56D2D006C7E64 /* Sources */,
				F323280618D56D2D006C7E64 /* Frameworks */,
				F323280718D56D2D006C7E64 /* Resources */,
			);
			buildRules = (
			);
			dependencies = (
				F323280F18D56D2D006C7E64 /* PBXTargetDependency */,
			);
			name = gymTrackerTests;
			productName = gymTrackerTests;
			productReference = F323280918D56D2D006C7E64 /* gymTrackerTests.xctest */;
			productType = "com.apple.product-type.bundle.unit-test";
		};
/* End PBXNativeTarget section */

/* Begin PBXProject section */
		F32327E618D56D2D006C7E64 /* Project object */ = {
			isa = PBXProject;
			attributes = {
				LastUpgradeCheck = 0510;
				ORGANIZATIONNAME = "Third Bit";
				TargetAttributes = {
					F323280818D56D2D006C7E64 = {
						TestTargetID = F32327ED18D56D2D006C7E64;
					};
				};
			};
			buildConfigurationList = F32327E918D56D2D006C7E64 /* Build configuration list for PBXProject "gymTracker" */;
			compatibilityVersion = "Xcode 3.2";
			developmentRegion = English;
			hasScannedForEncodings = 0;
			knownRegions = (
				en,
			);
			mainGroup = F32327E518D56D2D006C7E64;
			productRefGroup = F32327EF18D56D2D006C7E64 /* Products */;
			projectDirPath = "";
			projectRoot = "";
			targets = (
				F32327ED18D56D2D006C7E64 /* gymTracker */,
				F323280818D56D2D006C7E64 /* gymTrackerTests */,
			);
		};
/* End PBXProject section */

/* Begin PBXResourcesBuildPhase section */
		F32327EC18D56D2D006C7E64 /* Resources */ = {
			isa = PBXResourcesBuildPhase;
			buildActionMask = 2147483647;
			files = (
				F3FE80E318E949C70051D4B2 /* gymTracker.db in Resources */,
				F3D2B6B418D8380400E85646 /* default.plist in Resources */,
				F32328AD18D56DFB006C7E64 /* appIcon60pt.png in Resources */,
				F32328B218D56DFB006C7E64 /* no_image.jpg in Resources */,
				F32328B718D56DFB006C7E64 /* workout.png in Resources */,
				F32328AA18D56DFB006C7E64 /* addIcon@2x.png in Resources */,
				F32328AB18D56DFB006C7E64 /* appIcon29pt.png in Resources */,
				F32328A918D56DFB006C7E64 /* addIcon.png in Resources */,
				F32328AE18D56DFB006C7E64 /* checkBox.png in Resources */,
				F32328B118D56DFB006C7E64 /* checkBoxMarked@2x.png in Resources */,
				F3ED195D18E3DEBB00DC7F13 /* legend.png in Resources */,
				F32328B818D56DFB006C7E64 /* workout@2x.png in Resources */,
				F32328B918D56DFB006C7E64 /* Main.storyboard in Resources */,
				F32328AF18D56DFB006C7E64 /* checkBox@2x.png in Resources */,
				F3E07C4518D6A172000DA9C4 /* TapkuLibrary.bundle in Resources */,
				F32328B518D56DFB006C7E64 /* settings.png in Resources */,
				F3DECBDE18E14BF2001B29BF /* report@2x.png in Resources */,
				F3D2B6B118D8380400E85646 /* apple calendar.plist in Resources */,
				F32327FC18D56D2D006C7E64 /* InfoPlist.strings in Resources */,
				F3DECBEA18E16E0B001B29BF /* button_bg.png in Resources */,
				F3DECBDD18E14BF2001B29BF /* report.png in Resources */,
				F32328B018D56DFB006C7E64 /* checkBoxMarked.png in Resources */,
				F323280418D56D2D006C7E64 /* Images.xcassets in Resources */,
				F32328AC18D56DFB006C7E64 /* appIcon40pt.png in Resources */,
				F32328B618D56DFB006C7E64 /* settings@2x.png in Resources */,
				F3D2B6B318D8380400E85646 /* background@2x.png in Resources */,
				F3D2B6B218D8380400E85646 /* background.png in Resources */,
			);
			runOnlyForDeploymentPostprocessing = 0;
		};
		F323280718D56D2D006C7E64 /* Resources */ = {
			isa = PBXResourcesBuildPhase;
			buildActionMask = 2147483647;
			files = (
				F323281518D56D2D006C7E64 /* InfoPlist.strings in Resources */,
			);
			runOnlyForDeploymentPostprocessing = 0;
		};
/* End PBXResourcesBuildPhase section */

/* Begin PBXSourcesBuildPhase section */
		F32327EA18D56D2D006C7E64 /* Sources */ = {
			isa = PBXSourcesBuildPhase;
			buildActionMask = 2147483647;
			files = (
				F32328A718D56DFB006C7E64 /* EquipmentTableCell.m in Sources */,
				F3E07C5C18D6FF5E000DA9C4 /* FMResultSet.m in Sources */,
				F32328BF18D56DFB006C7E64 /* PNColor.m in Sources */,
				F3D2B6AD18D8380400E85646 /* PMPeriod.m in Sources */,
				F32328BC18D56DFB006C7E64 /* PNBarChart.m in Sources */,
				F3E07C4018D69FA0000DA9C4 /* UIImage+TKCategory.m in Sources */,
				F323288B18D56DFB006C7E64 /* Equipment.m in Sources */,
				F3E07C4118D69FA0000DA9C4 /* UIImageView+TKCategory.m in Sources */,
				F304C8B018DFFF5D009A27D3 /* WorkoutMainViewController.m in Sources */,
				F3D2B68818D8273F00E85646 /* MyPMCalendarController.m in Sources */,
				F3D2B6AE18D8380400E85646 /* PMSelectionView.m in Sources */,
				F32328BB18D56DFB006C7E64 /* PNBar.m in Sources */,
				F32328C218D56DFB006C7E64 /* PNLineChartDataItem.m in Sources */,
				F3D2B6AF18D8380400E85646 /* PMThemeEngine.m in Sources */,
				F32328A618D56DFB006C7E64 /* EquipmentMainViewController.m in Sources */,
				F32328C418D56DFB006C7E64 /* SettingsViewController.m in Sources */,
				F3D2B6AB18D8380400E85646 /* PMCalendarView.m in Sources */,
				F32328C618D56DFB006C7E64 /* Utility.m in Sources */,
				F3E07C3B18D69FA0000DA9C4 /* NSDate+TKCategory.m in Sources */,
				F323288918D56DFB006C7E64 /* DateWiseReportCell.m in Sources */,
				F3FE80DE18E947B70051D4B2 /* MeasurementsTableViewController.m in Sources */,
				F3D2B6AC18D8380400E85646 /* PMDimmingView.m in Sources */,
				F3E07C3F18D69FA0000DA9C4 /* UIColor+TKCategory.m in Sources */,
				F3E07C5818D6FF5E000DA9C4 /* FMDatabase.m in Sources */,
				F32328A818D56DFB006C7E64 /* EquipmentWiseReportViewController.m in Sources */,
				F3E07C5B18D6FF5E000DA9C4 /* FMDatabaseQueue.m in Sources */,
				F323288D18D56DFB006C7E64 /* Workout.m in Sources */,
				F3E07C4218D69FA0000DA9C4 /* UIView+TKCategory.m in Sources */,
				F32328C918D56DFB006C7E64 /* WorkoutTableCell.m in Sources */,
				F3D2B6AA18D8380400E85646 /* PMCalendarController.m in Sources */,
				F323288C18D56DFB006C7E64 /* Settings.m in Sources */,
				F323280218D56D2D006C7E64 /* AppDelegate.m in Sources */,
				F32328C518D56DFB006C7E64 /* UICountingLabel.m in Sources */,
				F32328C018D56DFB006C7E64 /* PNLineChart.m in Sources */,
				F32328DF18D577B7006C7E64 /* FMDBDataAccess.m in Sources */,
				F32328BE18D56DFB006C7E64 /* PNCircleChart.m in Sources */,
				F32328A518D56DFB006C7E64 /* EquipmentDetailsViewController.m in Sources */,
				F3E07C3D18D69FA0000DA9C4 /* TKGlobal.m in Sources */,
				F3E07C3C18D69FA0000DA9C4 /* TKCalendarMonthView.m in Sources */,
				F323288A18D56DFB006C7E64 /* DateWiseReportViewController.m in Sources */,
				F3E07C5A18D6FF5E000DA9C4 /* FMDatabasePool.m in Sources */,
				F3D2B6A818D8380300E85646 /* NSDate+Helpers.m in Sources */,
				F3D2B6B018D8380400E85646 /* PMThemeShadow.m in Sources */,
				F3D2B6A918D8380300E85646 /* PMCalendarBackgroundView.m in Sources */,
				F3FE80DA18E9393B0051D4B2 /* MeasurementHistory.m in Sources */,
				F32328C718D56DFB006C7E64 /* WorkoutDetailsViewController.m in Sources */,
				F32327FE18D56D2D006C7E64 /* main.m in Sources */,
				F32328C818D56DFB006C7E64 /* WorkoutNewViewController.m in Sources */,
				F32328C318D56DFB006C7E64 /* ReportViewController.m in Sources */,
				F3E02BBA18D5AB8D00767921 /* LineChartVO.m in Sources */,
				F3FE80E118E9486F0051D4B2 /* MeasurementsViewController.m in Sources */,
				F3E07C3E18D69FA0000DA9C4 /* TKGradientView.m in Sources */,
				F32328C118D56DFB006C7E64 /* PNLineChartData.m in Sources */,
				F32328BD18D56DFB006C7E64 /* PNChartLabel.m in Sources */,
				F3E07C3A18D69FA0000DA9C4 /* NSDate+CalendarGrid.m in Sources */,
				F3FE80D718E938E80051D4B2 /* Measurement.m in Sources */,
				F3E07C5918D6FF5E000DA9C4 /* FMDatabaseAdditions.m in Sources */,
			);
			runOnlyForDeploymentPostprocessing = 0;
		};
		F323280518D56D2D006C7E64 /* Sources */ = {
			isa = PBXSourcesBuildPhase;
			buildActionMask = 2147483647;
			files = (
				F323281718D56D2D006C7E64 /* gymTrackerTests.m in Sources */,
			);
			runOnlyForDeploymentPostprocessing = 0;
		};
/* End PBXSourcesBuildPhase section */

/* Begin PBXTargetDependency section */
		F323280F18D56D2D006C7E64 /* PBXTargetDependency */ = {
			isa = PBXTargetDependency;
			target = F32327ED18D56D2D006C7E64 /* gymTracker */;
			targetProxy = F323280E18D56D2D006C7E64 /* PBXContainerItemProxy */;
		};
/* End PBXTargetDependency section */

/* Begin PBXVariantGroup section */
		F32327FA18D56D2D006C7E64 /* InfoPlist.strings */ = {
			isa = PBXVariantGroup;
			children = (
				F32327FB18D56D2D006C7E64 /* en */,
			);
			name = InfoPlist.strings;
			sourceTree = "<group>";
		};
		F323281318D56D2D006C7E64 /* InfoPlist.strings */ = {
			isa = PBXVariantGroup;
			children = (
				F323281418D56D2D006C7E64 /* en */,
			);
			name = InfoPlist.strings;
			sourceTree = "<group>";
		};
/* End PBXVariantGroup section */

/* Begin XCBuildConfiguration section */
		F323281818D56D2D006C7E64 /* Debug */ = {
			isa = XCBuildConfiguration;
			buildSettings = {
				ALWAYS_SEARCH_USER_PATHS = NO;
				CLANG_CXX_LANGUAGE_STANDARD = "gnu++0x";
				CLANG_CXX_LIBRARY = "libc++";
				CLANG_ENABLE_MODULES = YES;
				CLANG_ENABLE_OBJC_ARC = YES;
				CLANG_WARN_BOOL_CONVERSION = YES;
				CLANG_WARN_CONSTANT_CONVERSION = YES;
				CLANG_WARN_DIRECT_OBJC_ISA_USAGE = YES_ERROR;
				CLANG_WARN_EMPTY_BODY = YES;
				CLANG_WARN_ENUM_CONVERSION = YES;
				CLANG_WARN_INT_CONVERSION = YES;
				CLANG_WARN_OBJC_ROOT_CLASS = YES_ERROR;
				CLANG_WARN__DUPLICATE_METHOD_MATCH = YES;
				"CODE_SIGN_IDENTITY[sdk=iphoneos*]" = "iPhone Developer";
				COPY_PHASE_STRIP = NO;
				GCC_C_LANGUAGE_STANDARD = gnu99;
				GCC_DYNAMIC_NO_PIC = NO;
				GCC_OPTIMIZATION_LEVEL = 0;
				GCC_PREPROCESSOR_DEFINITIONS = (
					"DEBUG=1",
					"$(inherited)",
				);
				GCC_SYMBOLS_PRIVATE_EXTERN = NO;
				GCC_WARN_64_TO_32_BIT_CONVERSION = YES;
				GCC_WARN_ABOUT_RETURN_TYPE = YES_ERROR;
				GCC_WARN_UNDECLARED_SELECTOR = YES;
				GCC_WARN_UNINITIALIZED_AUTOS = YES_AGGRESSIVE;
				GCC_WARN_UNUSED_FUNCTION = YES;
				GCC_WARN_UNUSED_VARIABLE = YES;
				IPHONEOS_DEPLOYMENT_TARGET = 7.1;
				ONLY_ACTIVE_ARCH = YES;
				SDKROOT = iphoneos;
			};
			name = Debug;
		};
		F323281918D56D2D006C7E64 /* Release */ = {
			isa = XCBuildConfiguration;
			buildSettings = {
				ALWAYS_SEARCH_USER_PATHS = NO;
				CLANG_CXX_LANGUAGE_STANDARD = "gnu++0x";
				CLANG_CXX_LIBRARY = "libc++";
				CLANG_ENABLE_MODULES = YES;
				CLANG_ENABLE_OBJC_ARC = YES;
				CLANG_WARN_BOOL_CONVERSION = YES;
				CLANG_WARN_CONSTANT_CONVERSION = YES;
				CLANG_WARN_DIRECT_OBJC_ISA_USAGE = YES_ERROR;
				CLANG_WARN_EMPTY_BODY = YES;
				CLANG_WARN_ENUM_CONVERSION = YES;
				CLANG_WARN_INT_CONVERSION = YES;
				CLANG_WARN_OBJC_ROOT_CLASS = YES_ERROR;
				CLANG_WARN__DUPLICATE_METHOD_MATCH = YES;
				"CODE_SIGN_IDENTITY[sdk=iphoneos*]" = "iPhone Developer";
				COPY_PHASE_STRIP = YES;
				ENABLE_NS_ASSERTIONS = NO;
				GCC_C_LANGUAGE_STANDARD = gnu99;
				GCC_WARN_64_TO_32_BIT_CONVERSION = YES;
				GCC_WARN_ABOUT_RETURN_TYPE = YES_ERROR;
				GCC_WARN_UNDECLARED_SELECTOR = YES;
				GCC_WARN_UNINITIALIZED_AUTOS = YES_AGGRESSIVE;
				GCC_WARN_UNUSED_FUNCTION = YES;
				GCC_WARN_UNUSED_VARIABLE = YES;
				IPHONEOS_DEPLOYMENT_TARGET = 7.1;
				SDKROOT = iphoneos;
				VALIDATE_PRODUCT = YES;
			};
			name = Release;
		};
		F323281B18D56D2D006C7E64 /* Debug */ = {
			isa = XCBuildConfiguration;
			buildSettings = {
				ASSETCATALOG_COMPILER_APPICON_NAME = AppIcon;
				ASSETCATALOG_COMPILER_LAUNCHIMAGE_NAME = LaunchImage;
				GCC_PRECOMPILE_PREFIX_HEADER = YES;
				GCC_PREFIX_HEADER = "gymTracker/gymTracker-Prefix.pch";
				INFOPLIST_FILE = "gymTracker/gymTracker-Info.plist";
				PRODUCT_NAME = "$(TARGET_NAME)";
				WRAPPER_EXTENSION = app;
			};
			name = Debug;
		};
		F323281C18D56D2D006C7E64 /* Release */ = {
			isa = XCBuildConfiguration;
			buildSettings = {
				ASSETCATALOG_COMPILER_APPICON_NAME = AppIcon;
				ASSETCATALOG_COMPILER_LAUNCHIMAGE_NAME = LaunchImage;
				GCC_PRECOMPILE_PREFIX_HEADER = YES;
				GCC_PREFIX_HEADER = "gymTracker/gymTracker-Prefix.pch";
				INFOPLIST_FILE = "gymTracker/gymTracker-Info.plist";
				PRODUCT_NAME = "$(TARGET_NAME)";
				WRAPPER_EXTENSION = app;
			};
			name = Release;
		};
		F323281E18D56D2D006C7E64 /* Debug */ = {
			isa = XCBuildConfiguration;
			buildSettings = {
				BUNDLE_LOADER = "$(BUILT_PRODUCTS_DIR)/gymTracker.app/gymTracker";
				FRAMEWORK_SEARCH_PATHS = (
					"$(SDKROOT)/Developer/Library/Frameworks",
					"$(inherited)",
					"$(DEVELOPER_FRAMEWORKS_DIR)",
				);
				GCC_PRECOMPILE_PREFIX_HEADER = YES;
				GCC_PREFIX_HEADER = "gymTracker/gymTracker-Prefix.pch";
				GCC_PREPROCESSOR_DEFINITIONS = (
					"DEBUG=1",
					"$(inherited)",
				);
				INFOPLIST_FILE = "gymTrackerTests/gymTrackerTests-Info.plist";
				PRODUCT_NAME = "$(TARGET_NAME)";
				TEST_HOST = "$(BUNDLE_LOADER)";
				WRAPPER_EXTENSION = xctest;
			};
			name = Debug;
		};
		F323281F18D56D2D006C7E64 /* Release */ = {
			isa = XCBuildConfiguration;
			buildSettings = {
				BUNDLE_LOADER = "$(BUILT_PRODUCTS_DIR)/gymTracker.app/gymTracker";
				FRAMEWORK_SEARCH_PATHS = (
					"$(SDKROOT)/Developer/Library/Frameworks",
					"$(inherited)",
					"$(DEVELOPER_FRAMEWORKS_DIR)",
				);
				GCC_PRECOMPILE_PREFIX_HEADER = YES;
				GCC_PREFIX_HEADER = "gymTracker/gymTracker-Prefix.pch";
				INFOPLIST_FILE = "gymTrackerTests/gymTrackerTests-Info.plist";
				PRODUCT_NAME = "$(TARGET_NAME)";
				TEST_HOST = "$(BUNDLE_LOADER)";
				WRAPPER_EXTENSION = xctest;
			};
			name = Release;
		};
/* End XCBuildConfiguration section */

/* Begin XCConfigurationList section */
		F32327E918D56D2D006C7E64 /* Build configuration list for PBXProject "gymTracker" */ = {
			isa = XCConfigurationList;
			buildConfigurations = (
				F323281818D56D2D006C7E64 /* Debug */,
				F323281918D56D2D006C7E64 /* Release */,
			);
			defaultConfigurationIsVisible = 0;
			defaultConfigurationName = Release;
		};
		F323281A18D56D2D006C7E64 /* Build configuration list for PBXNativeTarget "gymTracker" */ = {
			isa = XCConfigurationList;
			buildConfigurations = (
				F323281B18D56D2D006C7E64 /* Debug */,
				F323281C18D56D2D006C7E64 /* Release */,
			);
			defaultConfigurationIsVisible = 0;
			defaultConfigurationName = Release;
		};
		F323281D18D56D2D006C7E64 /* Build configuration list for PBXNativeTarget "gymTrackerTests" */ = {
			isa = XCConfigurationList;
			buildConfigurations = (
				F323281E18D56D2D006C7E64 /* Debug */,
				F323281F18D56D2D006C7E64 /* Release */,
			);
			defaultConfigurationIsVisible = 0;
			defaultConfigurationName = Release;
		};
/* End XCConfigurationList section */
	};
	rootObject = F32327E618D56D2D006C7E64 /* Project object */;
}
